
Microsoft Visual Studio Solution File, Format Version 12.00
# Visual Studio 15
VisualStudioVersion = 15.0.27130.2010
MinimumVisualStudioVersion = 10.0.40219.1
Project("{8BC9CEB8-8B4A-11D0-8D11-00A0C91BC942}") = "RobotTales", "RobotTales\RobotTales.vcxproj", "{F27D9C04-ADE2-4DD7-8AA7-51310EE25C68}"
	ProjectSection(ProjectDependencies) = postProject
		{E28FF32F-DAA5-4C87-8CAD-6131A869E534} = {E28FF32F-DAA5-4C87-8CAD-6131A869E534}
	EndProjectSection
EndProject
Project("{8BC9CEB8-8B4A-11D0-8D11-00A0C91BC942}") = "angelscript", "angelscript\angelscript.vcxproj", "{E28FF32F-DAA5-4C87-8CAD-6131A869E534}"
EndProject
Project("{8BC9CEB8-8B4A-11D0-8D11-00A0C91BC942}") = "GWork", "GWork\GWork.vcxproj", "{CFE045D4-674F-4677-AC4A-99BE18C7BB90}"
EndProject
Global
	GlobalSection(SolutionConfigurationPlatforms) = preSolution
		Debug|x64 = Debug|x64
		Debug|x86 = Debug|x86
		Release|x64 = Release|x64
		Release|x86 = Release|x86
	EndGlobalSection
	GlobalSection(ProjectConfigurationPlatforms) = postSolution
		{F27D9C04-ADE2-4DD7-8AA7-51310EE25C68}.Debug|x64.ActiveCfg = Debug|x64
		{F27D9C04-ADE2-4DD7-8AA7-51310EE25C68}.Debug|x64.Build.0 = Debug|x64
		{F27D9C04-ADE2-4DD7-8AA7-51310EE25C68}.Debug|x86.ActiveCfg = Debug|Win32
		{F27D9C04-ADE2-4DD7-8AA7-51310EE25C68}.Debug|x86.Build.0 = Debug|Win32
		{F27D9C04-ADE2-4DD7-8AA7-51310EE25C68}.Release|x64.ActiveCfg = Release|x64
		{F27D9C04-ADE2-4DD7-8AA7-51310EE25C68}.Release|x64.Build.0 = Release|x64
		{F27D9C04-ADE2-4DD7-8AA7-51310EE25C68}.Release|x86.ActiveCfg = Release|Win32
		{F27D9C04-ADE2-4DD7-8AA7-51310EE25C68}.Release|x86.Build.0 = Release|Win32
		{E28FF32F-DAA5-4C87-8CAD-6131A869E534}.Debug|x64.ActiveCfg = Debug|x64
		{E28FF32F-DAA5-4C87-8CAD-6131A869E534}.Debug|x64.Build.0 = Debug|x64
		{E28FF32F-DAA5-4C87-8CAD-6131A869E534}.Debug|x86.ActiveCfg = Debug|Win32
		{E28FF32F-DAA5-4C87-8CAD-6131A869E534}.Debug|x86.Build.0 = Debug|Win32
		{E28FF32F-DAA5-4C87-8CAD-6131A869E534}.Release|x64.ActiveCfg = Release|x64
		{E28FF32F-DAA5-4C87-8CAD-6131A869E534}.Release|x64.Build.0 = Release|x64
		{E28FF32F-DAA5-4C87-8CAD-6131A869E534}.Release|x86.ActiveCfg = Release|Win32
		{E28FF32F-DAA5-4C87-8CAD-6131A869E534}.Release|x86.Build.0 = Release|Win32
		{CFE045D4-674F-4677-AC4A-99BE18C7BB90}.Debug|x64.ActiveCfg = Debug|x64
		{CFE045D4-674F-4677-AC4A-99BE18C7BB90}.Debug|x64.Build.0 = Debug|x64
		{CFE045D4-674F-4677-AC4A-99BE18C7BB90}.Debug|x86.ActiveCfg = Debug|Win32
		{CFE045D4-674F-4677-AC4A-99BE18C7BB90}.Debug|x86.Build.0 = Debug|Win32
		{CFE045D4-674F-4677-AC4A-99BE18C7BB90}.Release|x64.ActiveCfg = Release|x64
		{CFE045D4-674F-4677-AC4A-99BE18C7BB90}.Release|x64.Build.0 = Release|x64
		{CFE045D4-674F-4677-AC4A-99BE18C7BB90}.Release|x86.ActiveCfg = Release|Win32
		{CFE045D4-674F-4677-AC4A-99BE18C7BB90}.Release|x86.Build.0 = Release|Win32
	EndGlobalSection
	GlobalSection(SolutionProperties) = preSolution
		HideSolutionNode = FALSE
	EndGlobalSection
	GlobalSection(ExtensibilityGlobals) = postSolution
		SolutionGuid = {E4D06D7D-C735-45A4-AB34-BD3883089544}
	EndGlobalSection
EndGlobal
