<?xml version="1.0" encoding="utf-8"?>
<Project ToolsVersion="4.0" xmlns="http://schemas.microsoft.com/developer/msbuild/2003">
  <ItemGroup>
    <Filter Include="editor">
      <UniqueIdentifier>{5b673685-62e6-4ef4-8780-e9514ab2128b}</UniqueIdentifier>
    </Filter>
    <Filter Include="editor\Source Files">
      <UniqueIdentifier>{71ba030e-38da-47cc-b4e9-d9ff559e9f31}</UniqueIdentifier>
    </Filter>
    <Filter Include="editor\Header Files">
      <UniqueIdentifier>{13d88584-6b33-4a9d-bec5-61e9a08cd808}</UniqueIdentifier>
    </Filter>
    <Filter Include="states">
      <UniqueIdentifier>{23c7a446-8ed1-45b6-9eea-5e43151cc0e1}</UniqueIdentifier>
    </Filter>
    <Filter Include="addons">
      <UniqueIdentifier>{06e812be-3ef9-4fca-a1a1-efcb8bb0d8df}</UniqueIdentifier>
    </Filter>
    <Filter Include="addons\json">
      <UniqueIdentifier>{1a7619cc-1618-46ae-b720-a2f3f03bf9a6}</UniqueIdentifier>
    </Filter>
    <Filter Include="addons\nine-patch">
      <UniqueIdentifier>{fc3a0363-8f72-4743-aef6-38a6fad3f177}</UniqueIdentifier>
    </Filter>
    <Filter Include="addons\traingulator">
      <UniqueIdentifier>{09774214-1bad-4867-bd4e-c0440afa6f57}</UniqueIdentifier>
    </Filter>
    <Filter Include="addons\tweeny">
      <UniqueIdentifier>{d9132b92-6ed3-4683-a58a-6048191b535f}</UniqueIdentifier>
    </Filter>
    <Filter Include="addons\json\Header Files">
      <UniqueIdentifier>{d6fc6a7e-311f-4ecc-b0aa-eadf41bd3c22}</UniqueIdentifier>
    </Filter>
    <Filter Include="addons\traingulator\Source Files">
      <UniqueIdentifier>{e7d6c067-24be-4f85-8d2b-51275ad9c9c2}</UniqueIdentifier>
    </Filter>
    <Filter Include="addons\traingulator\Header Files">
      <UniqueIdentifier>{8d561ca9-8d95-48c4-bc97-220f2bda81f7}</UniqueIdentifier>
    </Filter>
    <Filter Include="addons\nine-patch\Source Files">
      <UniqueIdentifier>{8dded760-b4dc-4236-b9a5-296c574431de}</UniqueIdentifier>
    </Filter>
    <Filter Include="addons\nine-patch\Header Files">
      <UniqueIdentifier>{f7c5e889-3c55-4e76-8edd-ad1b98ca96a0}</UniqueIdentifier>
    </Filter>
    <Filter Include="core">
      <UniqueIdentifier>{a609e6e7-6354-465f-9899-294451d011b5}</UniqueIdentifier>
    </Filter>
    <Filter Include="core\Header Files">
      <UniqueIdentifier>{93995380-89BD-4b04-88EB-625FBE52EBFB}</UniqueIdentifier>
      <Extensions>h;hh;hpp;hxx;hm;inl;inc;xsd</Extensions>
    </Filter>
    <Filter Include="core\Source Files">
      <UniqueIdentifier>{4FC737F1-C7A5-4376-A066-2A32D752A2FF}</UniqueIdentifier>
      <Extensions>cpp;c;cc;cxx;def;odl;idl;hpj;bat;asm;asmx</Extensions>
    </Filter>
    <Filter Include="actors">
      <UniqueIdentifier>{95763971-07cd-48be-b8f8-439ceee8e421}</UniqueIdentifier>
    </Filter>
    <Filter Include="actors\Source Files">
      <UniqueIdentifier>{47992cc4-c21e-4ee9-b177-48f845ce3d44}</UniqueIdentifier>
    </Filter>
    <Filter Include="actors\Header Files">
      <UniqueIdentifier>{4b3b1a2b-473f-433a-a67e-4c554573daa2}</UniqueIdentifier>
    </Filter>
  </ItemGroup>
  <ItemGroup>
    <ClCompile Include="..\..\Sources\Actor.cpp">
      <Filter>core\Source Files</Filter>
    </ClCompile>
    <ClCompile Include="..\..\Sources\Animation.cpp">
      <Filter>core\Source Files</Filter>
    </ClCompile>
    <ClCompile Include="..\..\Sources\ScriptManager.cpp">
      <Filter>core\Source Files</Filter>
    </ClCompile>
    <ClCompile Include="..\..\Sources\SpeechFrame.cpp">
      <Filter>core\Source Files</Filter>
    </ClCompile>
    <ClCompile Include="..\..\Sources\SpeechFrameManager.cpp">
      <Filter>core\Source Files</Filter>
    </ClCompile>
    <ClCompile Include="..\..\Sources\StateManager.cpp">
      <Filter>core\Source Files</Filter>
    </ClCompile>
    <ClCompile Include="..\..\Sources\TweenManager.cpp">
      <Filter>core\Source Files</Filter>
    </ClCompile>
    <ClCompile Include="..\..\Sources\Script.cpp">
      <Filter>core\Source Files</Filter>
    </ClCompile>
    <ClCompile Include="..\..\Sources\Screen.cpp">
      <Filter>core\Source Files</Filter>
    </ClCompile>
    <ClCompile Include="..\..\Sources\SceneManager.cpp">
      <Filter>core\Source Files</Filter>
    </ClCompile>
    <ClCompile Include="..\..\Sources\Scene.cpp">
      <Filter>core\Source Files</Filter>
    </ClCompile>
    <ClCompile Include="..\..\Sources\Resources.cpp">
      <Filter>core\Source Files</Filter>
    </ClCompile>
    <ClCompile Include="..\..\Sources\QuadTree.cpp">
      <Filter>core\Source Files</Filter>
    </ClCompile>
    <ClCompile Include="..\..\Sources\Common.cpp">
      <Filter>core\Source Files</Filter>
    </ClCompile>
    <ClCompile Include="..\..\Sources\Collidalble.cpp">
      <Filter>core\Source Files</Filter>
    </ClCompile>
    <ClCompile Include="..\..\Sources\Camera.cpp">
      <Filter>core\Source Files</Filter>
    </ClCompile>
    <ClCompile Include="..\..\Sources\AudioSample.cpp">
      <Filter>core\Source Files</Filter>
    </ClCompile>
    <ClCompile Include="..\..\Sources\AudioManager.cpp">
      <Filter>core\Source Files</Filter>
    </ClCompile>
    <ClCompile Include="..\..\Sources\AtlasManager.cpp">
      <Filter>core\Source Files</Filter>
    </ClCompile>
    <ClCompile Include="..\..\Sources\Font.cpp">
      <Filter>core\Source Files</Filter>
    </ClCompile>
    <ClCompile Include="..\..\Sources\GameMain.cpp">
      <Filter>core\Source Files</Filter>
    </ClCompile>
    <ClCompile Include="..\..\Sources\MainLoop.cpp">
      <Filter>core\Source Files</Filter>
    </ClCompile>
    <ClCompile Include="..\..\Sources\PhysicsManager.cpp">
      <Filter>core\Source Files</Filter>
    </ClCompile>
    <ClCompile Include="..\..\Sources\Player.cpp">
      <Filter>core\Source Files</Filter>
    </ClCompile>
    <ClCompile Include="..\..\Sources\Atlas.cpp">
      <Filter>core\Source Files</Filter>
    </ClCompile>
    <ClCompile Include="..\..\Sources\editor\Editor.cpp">
      <Filter>editor\Source Files</Filter>
    </ClCompile>
    <ClCompile Include="..\..\Sources\editor\EditorActorMode.cpp">
      <Filter>editor\Source Files</Filter>
    </ClCompile>
    <ClCompile Include="..\..\Sources\editor\EditorActorWindow.cpp">
      <Filter>editor\Source Files</Filter>
    </ClCompile>
    <ClCompile Include="..\..\Sources\editor\EditorFlagPointMode.cpp">
      <Filter>editor\Source Files</Filter>
    </ClCompile>
    <ClCompile Include="..\..\Sources\editor\EditorFlagPointWindow.cpp">
      <Filter>editor\Source Files</Filter>
    </ClCompile>
    <ClCompile Include="..\..\Sources\editor\EditorOpenSceneWindow.cpp">
      <Filter>editor\Source Files</Filter>
    </ClCompile>
    <ClCompile Include="..\..\Sources\editor\EditorPhysMode.cpp">
      <Filter>editor\Source Files</Filter>
    </ClCompile>
    <ClCompile Include="..\..\Sources\editor\EditorSaveSceneWindow.cpp">
      <Filter>editor\Source Files</Filter>
    </ClCompile>
    <ClCompile Include="..\..\Sources\editor\EditorSpeechMode.cpp">
      <Filter>editor\Source Files</Filter>
    </ClCompile>
    <ClCompile Include="..\..\Sources\editor\EditorSpeechWindow.cpp">
      <Filter>editor\Source Files</Filter>
    </ClCompile>
    <ClCompile Include="..\..\Sources\editor\EditorTileMode.cpp">
      <Filter>editor\Source Files</Filter>
    </ClCompile>
    <ClCompile Include="..\..\Sources\editor\EditorTriggerAreaMode.cpp">
      <Filter>editor\Source Files</Filter>
    </ClCompile>
    <ClCompile Include="..\..\Sources\editor\EditorTriggerAreaWindow.cpp">
      <Filter>editor\Source Files</Filter>
    </ClCompile>
    <ClCompile Include="..\..\Sources\editor\EditorWindows.cpp">
      <Filter>editor\Source Files</Filter>
    </ClCompile>
    <ClCompile Include="..\..\Sources\states\EditorState.cpp">
      <Filter>states</Filter>
    </ClCompile>
    <ClCompile Include="..\..\Sources\states\GamePlayState.cpp">
      <Filter>states</Filter>
    </ClCompile>
    <ClCompile Include="..\..\Sources\states\MainMenuState.cpp">
      <Filter>states</Filter>
    </ClCompile>
    <ClCompile Include="..\..\Sources\addons\nine-patch\nine_patch.c">
      <Filter>addons\nine-patch\Source Files</Filter>
    </ClCompile>
    <ClCompile Include="..\..\Sources\addons\triangulator\Triangulator.cpp">
      <Filter>addons\traingulator\Source Files</Filter>
    </ClCompile>
    <ClCompile Include="..\..\Sources\actors\NPCActor.cpp">
      <Filter>actors\Source Files</Filter>
    </ClCompile>
    <ClCompile Include="..\..\Sources\ActorFactory.cpp">
      <Filter>core\Source Files</Filter>
    </ClCompile>
    <ClCompile Include="..\..\Sources\SceneLoader.cpp">
      <Filter>core\Source Files</Filter>
    </ClCompile>
    <ClCompile Include="..\..\Sources\ParticleEmitter.cpp">
      <Filter>core\Source Files</Filter>
    </ClCompile>
  </ItemGroup>
  <ItemGroup>
    <ClInclude Include="..\..\Sources\Actor.h">
      <Filter>core\Header Files</Filter>
    </ClInclude>
    <ClInclude Include="..\..\Sources\Animation.h">
      <Filter>core\Header Files</Filter>
    </ClInclude>
    <ClInclude Include="..\..\Sources\Atlas.h">
      <Filter>core\Header Files</Filter>
    </ClInclude>
    <ClInclude Include="..\..\Sources\AtlasManager.h">
      <Filter>core\Header Files</Filter>
    </ClInclude>
    <ClInclude Include="..\..\Sources\AudioManager.h">
      <Filter>core\Header Files</Filter>
    </ClInclude>
    <ClInclude Include="..\..\Sources\AudioSample.h">
      <Filter>core\Header Files</Filter>
    </ClInclude>
    <ClInclude Include="..\..\Sources\Camera.h">
      <Filter>core\Header Files</Filter>
    </ClInclude>
    <ClInclude Include="..\..\Sources\Collidable.h">
      <Filter>core\Header Files</Filter>
    </ClInclude>
    <ClInclude Include="..\..\Sources\Common.h">
      <Filter>core\Header Files</Filter>
    </ClInclude>
    <ClInclude Include="..\..\Sources\Entity.h">
      <Filter>core\Header Files</Filter>
    </ClInclude>
    <ClInclude Include="..\..\Sources\Font.h">
      <Filter>core\Header Files</Filter>
    </ClInclude>
    <ClInclude Include="..\..\Sources\Lifecycle.h">
      <Filter>core\Header Files</Filter>
    </ClInclude>
    <ClInclude Include="..\..\Sources\MainLoop.h">
      <Filter>core\Header Files</Filter>
    </ClInclude>
    <ClInclude Include="..\..\Sources\PhysicsManager.h">
      <Filter>core\Header Files</Filter>
    </ClInclude>
    <ClInclude Include="..\..\Sources\Player.h">
      <Filter>core\Header Files</Filter>
    </ClInclude>
    <ClInclude Include="..\..\Sources\Point.h">
      <Filter>core\Header Files</Filter>
    </ClInclude>
    <ClInclude Include="..\..\Sources\Polygon.h">
      <Filter>core\Header Files</Filter>
    </ClInclude>
    <ClInclude Include="..\..\Sources\QuadTree.h">
      <Filter>core\Header Files</Filter>
    </ClInclude>
    <ClInclude Include="..\..\Sources\Rect.h">
      <Filter>core\Header Files</Filter>
    </ClInclude>
    <ClInclude Include="..\..\Sources\Resources.h">
      <Filter>core\Header Files</Filter>
    </ClInclude>
    <ClInclude Include="..\..\Sources\Scene.h">
      <Filter>core\Header Files</Filter>
    </ClInclude>
    <ClInclude Include="..\..\Sources\SceneManager.h">
      <Filter>core\Header Files</Filter>
    </ClInclude>
    <ClInclude Include="..\..\Sources\Screen.h">
      <Filter>core\Header Files</Filter>
    </ClInclude>
    <ClInclude Include="..\..\Sources\Script.h">
      <Filter>core\Header Files</Filter>
    </ClInclude>
    <ClInclude Include="..\..\Sources\Scriptable.h">
      <Filter>core\Header Files</Filter>
    </ClInclude>
    <ClInclude Include="..\..\Sources\ScriptManager.h">
      <Filter>core\Header Files</Filter>
    </ClInclude>
    <ClInclude Include="..\..\Sources\SpeechFrame.h">
      <Filter>core\Header Files</Filter>
    </ClInclude>
    <ClInclude Include="..\..\Sources\SpeechFrameManager.h">
      <Filter>core\Header Files</Filter>
    </ClInclude>
    <ClInclude Include="..\..\Sources\State.h">
      <Filter>core\Header Files</Filter>
    </ClInclude>
    <ClInclude Include="..\..\Sources\StateManager.h">
      <Filter>core\Header Files</Filter>
    </ClInclude>
    <ClInclude Include="..\..\Sources\Transformable.h">
      <Filter>core\Header Files</Filter>
    </ClInclude>
    <ClInclude Include="..\..\Sources\TweenManager.h">
      <Filter>core\Header Files</Filter>
    </ClInclude>
    <ClInclude Include="..\..\Sources\editor\Editor.h">
      <Filter>editor\Header Files</Filter>
    </ClInclude>
    <ClInclude Include="..\..\Sources\editor\EditorActorMode.h">
      <Filter>editor\Header Files</Filter>
    </ClInclude>
    <ClInclude Include="..\..\Sources\editor\EditorActorWindow.h">
      <Filter>editor\Header Files</Filter>
    </ClInclude>
    <ClInclude Include="..\..\Sources\editor\EditorWindows.h">
      <Filter>editor\Header Files</Filter>
    </ClInclude>
    <ClInclude Include="..\..\Sources\editor\EditorTriggerAreaWindow.h">
      <Filter>editor\Header Files</Filter>
    </ClInclude>
    <ClInclude Include="..\..\Sources\editor\EditorTriggerAreaMode.h">
      <Filter>editor\Header Files</Filter>
    </ClInclude>
    <ClInclude Include="..\..\Sources\editor\EditorTileMode.h">
      <Filter>editor\Header Files</Filter>
    </ClInclude>
    <ClInclude Include="..\..\Sources\editor\EditorSpeechWindow.h">
      <Filter>editor\Header Files</Filter>
    </ClInclude>
    <ClInclude Include="..\..\Sources\editor\EditorSpeechMode.h">
      <Filter>editor\Header Files</Filter>
    </ClInclude>
    <ClInclude Include="..\..\Sources\editor\EditorSaveSceneWindow.h">
      <Filter>editor\Header Files</Filter>
    </ClInclude>
    <ClInclude Include="..\..\Sources\editor\EditorPhysMode.h">
      <Filter>editor\Header Files</Filter>
    </ClInclude>
    <ClInclude Include="..\..\Sources\editor\EditorOpenSceneWindow.h">
      <Filter>editor\Header Files</Filter>
    </ClInclude>
    <ClInclude Include="..\..\Sources\editor\EditorFlagPointWindow.h">
      <Filter>editor\Header Files</Filter>
    </ClInclude>
    <ClInclude Include="..\..\Sources\editor\EditorFlagPointMode.h">
      <Filter>editor\Header Files</Filter>
    </ClInclude>
    <ClInclude Include="..\..\Sources\states\EditorState.h">
      <Filter>states</Filter>
    </ClInclude>
    <ClInclude Include="..\..\Sources\states\GamePlayState.h">
      <Filter>states</Filter>
    </ClInclude>
    <ClInclude Include="..\..\Sources\states\MainMenuState.h">
      <Filter>states</Filter>
    </ClInclude>
    <ClInclude Include="..\..\Sources\addons\tweeny\dispatcher.h">
      <Filter>addons\tweeny</Filter>
    </ClInclude>
    <ClInclude Include="..\..\Sources\addons\tweeny\easing.h">
      <Filter>addons\tweeny</Filter>
    </ClInclude>
    <ClInclude Include="..\..\Sources\addons\tweeny\easingresolve.h">
      <Filter>addons\tweeny</Filter>
    </ClInclude>
    <ClInclude Include="..\..\Sources\addons\tweeny\int2type.h">
      <Filter>addons\tweeny</Filter>
    </ClInclude>
    <ClInclude Include="..\..\Sources\addons\tweeny\tween.h">
      <Filter>addons\tweeny</Filter>
    </ClInclude>
    <ClInclude Include="..\..\Sources\addons\tweeny\tweenpoint.h">
      <Filter>addons\tweeny</Filter>
    </ClInclude>
    <ClInclude Include="..\..\Sources\addons\tweeny\tweentraits.h">
      <Filter>addons\tweeny</Filter>
    </ClInclude>
    <ClInclude Include="..\..\Sources\addons\tweeny\tweeny.h">
      <Filter>addons\tweeny</Filter>
    </ClInclude>
    <ClInclude Include="..\..\Sources\addons\json\json.hpp">
      <Filter>addons\json\Header Files</Filter>
    </ClInclude>
    <ClInclude Include="..\..\Sources\addons\nine-patch\nine_patch.h">
      <Filter>addons\nine-patch\Header Files</Filter>
    </ClInclude>
    <ClInclude Include="..\..\Sources\addons\triangulator\Triangulator.h">
      <Filter>addons\traingulator\Header Files</Filter>
    </ClInclude>
    <ClInclude Include="..\..\Sources\actors\NPCActor.h">
      <Filter>actors\Header Files</Filter>
    </ClInclude>
    <ClInclude Include="..\..\Sources\ActorFactory.h">
      <Filter>core\Header Files</Filter>
    </ClInclude>
    <ClInclude Include="..\..\Sources\SceneLoader.h">
      <Filter>core\Header Files</Filter>
    </ClInclude>
    <ClInclude Include="..\..\Sources\ParticleEmitter.h">
      <Filter>core\Header Files</Filter>
    </ClInclude>
  </ItemGroup>
  <ItemGroup>
    <None Include="packages.config" />
    <None Include="..\..\Sources\addons\tweeny\tween.tcc">
      <Filter>addons\tweeny</Filter>
    </None>
    <None Include="..\..\Sources\addons\tweeny\tweenone.tcc">
      <Filter>addons\tweeny</Filter>
    </None>
    <None Include="..\..\Sources\addons\tweeny\tweenpoint.tcc">
      <Filter>addons\tweeny</Filter>
    </None>
    <None Include="..\..\Sources\addons\tweeny\tweeny.tcc">
      <Filter>addons\tweeny</Filter>
    </None>
  </ItemGroup>
</Project>